// !$*UTF8*$!
{
	archiveVersion = 1;
	classes = {
	};
	objectVersion = 55;
	objects = {

/* Begin PBXBuildFile section */
		A12E48E528E3F1670002FF7D /* CreationViewController.swift in Sources */ = {isa = PBXBuildFile; fileRef = A12E48E428E3F1670002FF7D /* CreationViewController.swift */; };
		A1431C2D28D17D5A000DC7DF /* AppDelegate.swift in Sources */ = {isa = PBXBuildFile; fileRef = A1431C2C28D17D5A000DC7DF /* AppDelegate.swift */; };
		A1431C2F28D17D5A000DC7DF /* SceneDelegate.swift in Sources */ = {isa = PBXBuildFile; fileRef = A1431C2E28D17D5A000DC7DF /* SceneDelegate.swift */; };
		A1431C3128D17D5A000DC7DF /* ViewController.swift in Sources */ = {isa = PBXBuildFile; fileRef = A1431C3028D17D5A000DC7DF /* ViewController.swift */; };
		A1431C3428D17D5A000DC7DF /* Main.storyboard in Resources */ = {isa = PBXBuildFile; fileRef = A1431C3228D17D5A000DC7DF /* Main.storyboard */; };
		A1431C3628D17D5B000DC7DF /* Assets.xcassets in Resources */ = {isa = PBXBuildFile; fileRef = A1431C3528D17D5B000DC7DF /* Assets.xcassets */; };
		A1431C3928D17D5B000DC7DF /* LaunchScreen.storyboard in Resources */ = {isa = PBXBuildFile; fileRef = A1431C3728D17D5B000DC7DF /* LaunchScreen.storyboard */; };
		A1431C4428D17D5B000DC7DF /* FlashcardsTests.swift in Sources */ = {isa = PBXBuildFile; fileRef = A1431C4328D17D5B000DC7DF /* FlashcardsTests.swift */; };
		A1431C4E28D17D5B000DC7DF /* FlashcardsUITests.swift in Sources */ = {isa = PBXBuildFile; fileRef = A1431C4D28D17D5B000DC7DF /* FlashcardsUITests.swift */; };
		A1431C5028D17D5B000DC7DF /* FlashcardsUITestsLaunchTests.swift in Sources */ = {isa = PBXBuildFile; fileRef = A1431C4F28D17D5B000DC7DF /* FlashcardsUITestsLaunchTests.swift */; };
/* End PBXBuildFile section */

/* Begin PBXContainerItemProxy section */
		A1431C4028D17D5B000DC7DF /* PBXContainerItemProxy */ = {
			isa = PBXContainerItemProxy;
			containerPortal = A1431C2128D17D5A000DC7DF /* Project object */;
			proxyType = 1;
			remoteGlobalIDString = A1431C2828D17D5A000DC7DF;
			remoteInfo = Flashcards;
		};
		A1431C4A28D17D5B000DC7DF /* PBXContainerItemProxy */ = {
			isa = PBXContainerItemProxy;
			containerPortal = A1431C2128D17D5A000DC7DF /* Project object */;
			proxyType = 1;
			remoteGlobalIDString = A1431C2828D17D5A000DC7DF;
			remoteInfo = Flashcards;
		};
/* End PBXContainerItemProxy section */

/* Begin PBXFileReference section */
		A12E48E428E3F1670002FF7D /* CreationViewController.swift */ = {isa = PBXFileReference; lastKnownFileType = sourcecode.swift; path = CreationViewController.swift; sourceTree = "<group>"; };
		A1431C2928D17D5A000DC7DF /* Flashcards.app */ = {isa = PBXFileReference; explicitFileType = wrapper.application; includeInIndex = 0; path = Flashcards.app; sourceTree = BUILT_PRODUCTS_DIR; };
		A1431C2C28D17D5A000DC7DF /* AppDelegate.swift */ = {isa = PBXFileReference; lastKnownFileType = sourcecode.swift; path = AppDelegate.swift; sourceTree = "<group>"; };
		A1431C2E28D17D5A000DC7DF /* SceneDelegate.swift */ = {isa = PBXFileReference; lastKnownFileType = sourcecode.swift; path = SceneDelegate.swift; sourceTree = "<group>"; };
		A1431C3028D17D5A000DC7DF /* ViewController.swift */ = {isa = PBXFileReference; lastKnownFileType = sourcecode.swift; path = ViewController.swift; sourceTree = "<group>"; };
		A1431C3328D17D5A000DC7DF /* Base */ = {isa = PBXFileReference; lastKnownFileType = file.storyboard; name = Base; path = Base.lproj/Main.storyboard; sourceTree = "<group>"; };
		A1431C3528D17D5B000DC7DF /* Assets.xcassets */ = {isa = PBXFileReference; lastKnownFileType = folder.assetcatalog; path = Assets.xcassets; sourceTree = "<group>"; };
		A1431C3828D17D5B000DC7DF /* Base */ = {isa = PBXFileReference; lastKnownFileType = file.storyboard; name = Base; path = Base.lproj/LaunchScreen.storyboard; sourceTree = "<group>"; };
		A1431C3A28D17D5B000DC7DF /* Info.plist */ = {isa = PBXFileReference; lastKnownFileType = text.plist.xml; path = Info.plist; sourceTree = "<group>"; };
		A1431C3F28D17D5B000DC7DF /* FlashcardsTests.xctest */ = {isa = PBXFileReference; explicitFileType = wrapper.cfbundle; includeInIndex = 0; path = FlashcardsTests.xctest; sourceTree = BUILT_PRODUCTS_DIR; };
		A1431C4328D17D5B000DC7DF /* FlashcardsTests.swift */ = {isa = PBXFileReference; lastKnownFileType = sourcecode.swift; path = FlashcardsTests.swift; sourceTree = "<group>"; };
		A1431C4928D17D5B000DC7DF /* FlashcardsUITests.xctest */ = {isa = PBXFileReference; explicitFileType = wrapper.cfbundle; includeInIndex = 0; path = FlashcardsUITests.xctest; sourceTree = BUILT_PRODUCTS_DIR; };
		A1431C4D28D17D5B000DC7DF /* FlashcardsUITests.swift */ = {isa = PBXFileReference; lastKnownFileType = sourcecode.swift; path = FlashcardsUITests.swift; sourceTree = "<group>"; };
		A1431C4F28D17D5B000DC7DF /* FlashcardsUITestsLaunchTests.swift */ = {isa = PBXFileReference; lastKnownFileType = sourcecode.swift; path = FlashcardsUITestsLaunchTests.swift; sourceTree = "<group>"; };
/* End PBXFileReference section */

/* Begin PBXFrameworksBuildPhase section */
		A1431C2628D17D5A000DC7DF /* Frameworks */ = {
			isa = PBXFrameworksBuildPhase;
			buildActionMask = 2147483647;
			files = (
			);
			runOnlyForDeploymentPostprocessing = 0;
		};
		A1431C3C28D17D5B000DC7DF /* Frameworks */ = {
			isa = PBXFrameworksBuildPhase;
			buildActionMask = 2147483647;
			files = (
			);
			runOnlyForDeploymentPostprocessing = 0;
		};
		A1431C4628D17D5B000DC7DF /* Frameworks */ = {
			isa = PBXFrameworksBuildPhase;
			buildActionMask = 2147483647;
			files = (
			);
			runOnlyForDeploymentPostprocessing = 0;
		};
/* End PBXFrameworksBuildPhase section */

/* Begin PBXGroup section */
		A1431C2028D17D5A000DC7DF = {
			isa = PBXGroup;
			children = (
				A12E48E428E3F1670002FF7D /* CreationViewController.swift */,
				A1431C2B28D17D5A000DC7DF /* Flashcards */,
				A1431C4228D17D5B000DC7DF /* FlashcardsTests */,
				A1431C4C28D17D5B000DC7DF /* FlashcardsUITests */,
				A1431C2A28D17D5A000DC7DF /* Products */,
			);
			sourceTree = "<group>";
		};
		A1431C2A28D17D5A000DC7DF /* Products */ = {
			isa = PBXGroup;
			children = (
				A1431C2928D17D5A000DC7DF /* Flashcards.app */,
				A1431C3F28D17D5B000DC7DF /* FlashcardsTests.xctest */,
				A1431C4928D17D5B000DC7DF /* FlashcardsUITests.xctest */,
			);
			name = Products;
			sourceTree = "<group>";
		};
		A1431C2B28D17D5A000DC7DF /* Flashcards */ = {
			isa = PBXGroup;
			children = (
				A1431C2C28D17D5A000DC7DF /* AppDelegate.swift */,
				A1431C2E28D17D5A000DC7DF /* SceneDelegate.swift */,
				A1431C3028D17D5A000DC7DF /* ViewController.swift */,
				A1431C3228D17D5A000DC7DF /* Main.storyboard */,
				A1431C3528D17D5B000DC7DF /* Assets.xcassets */,
				A1431C3728D17D5B000DC7DF /* LaunchScreen.storyboard */,
				A1431C3A28D17D5B000DC7DF /* Info.plist */,
			);
			path = Flashcards;
			sourceTree = "<group>";
		};
		A1431C4228D17D5B000DC7DF /* FlashcardsTests */ = {
			isa = PBXGroup;
			children = (
				A1431C4328D17D5B000DC7DF /* FlashcardsTests.swift */,
			);
			path = FlashcardsTests;
			sourceTree = "<group>";
		};
		A1431C4C28D17D5B000DC7DF /* FlashcardsUITests */ = {
			isa = PBXGroup;
			children = (
				A1431C4D28D17D5B000DC7DF /* FlashcardsUITests.swift */,
				A1431C4F28D17D5B000DC7DF /* FlashcardsUITestsLaunchTests.swift */,
			);
			path = FlashcardsUITests;
			sourceTree = "<group>";
		};
/* End PBXGroup section */

/* Begin PBXNativeTarget section */
		A1431C2828D17D5A000DC7DF /* Flashcards */ = {
			isa = PBXNativeTarget;
			buildConfigurationList = A1431C5328D17D5B000DC7DF /* Build configuration list for PBXNativeTarget "Flashcards" */;
			buildPhases = (
				A1431C2528D17D5A000DC7DF /* Sources */,
				A1431C2628D17D5A000DC7DF /* Frameworks */,
				A1431C2728D17D5A000DC7DF /* Resources */,
			);
			buildRules = (
			);
			dependencies = (
			);
			name = Flashcards;
			productName = Flashcards;
			productReference = A1431C2928D17D5A000DC7DF /* Flashcards.app */;
			productType = "com.apple.product-type.application";
		};
		A1431C3E28D17D5B000DC7DF /* FlashcardsTests */ = {
			isa = PBXNativeTarget;
			buildConfigurationList = A1431C5628D17D5B000DC7DF /* Build configuration list for PBXNativeTarget "FlashcardsTests" */;
			buildPhases = (
				A1431C3B28D17D5B000DC7DF /* Sources */,
				A1431C3C28D17D5B000DC7DF /* Frameworks */,
				A1431C3D28D17D5B000DC7DF /* Resources */,
			);
			buildRules = (
			);
			dependencies = (
				A1431C4128D17D5B000DC7DF /* PBXTargetDependency */,
			);
			name = FlashcardsTests;
			productName = FlashcardsTests;
			productReference = A1431C3F28D17D5B000DC7DF /* FlashcardsTests.xctest */;
			productType = "com.apple.product-type.bundle.unit-test";
		};
		A1431C4828D17D5B000DC7DF /* FlashcardsUITests */ = {
			isa = PBXNativeTarget;
			buildConfigurationList = A1431C5928D17D5B000DC7DF /* Build configuration list for PBXNativeTarget "FlashcardsUITests" */;
			buildPhases = (
				A1431C4528D17D5B000DC7DF /* Sources */,
				A1431C4628D17D5B000DC7DF /* Frameworks */,
				A1431C4728D17D5B000DC7DF /* Resources */,
			);
			buildRules = (
			);
			dependencies = (
				A1431C4B28D17D5B000DC7DF /* PBXTargetDependency */,
			);
			name = FlashcardsUITests;
			productName = FlashcardsUITests;
			productReference = A1431C4928D17D5B000DC7DF /* FlashcardsUITests.xctest */;
			productType = "com.apple.product-type.bundle.ui-testing";
		};
/* End PBXNativeTarget section */

/* Begin PBXProject section */
		A1431C2128D17D5A000DC7DF /* Project object */ = {
			isa = PBXProject;
			attributes = {
				BuildIndependentTargetsInParallel = 1;
				LastSwiftUpdateCheck = 1340;
				LastUpgradeCheck = 1340;
				TargetAttributes = {
					A1431C2828D17D5A000DC7DF = {
						CreatedOnToolsVersion = 13.4.1;
					};
					A1431C3E28D17D5B000DC7DF = {
						CreatedOnToolsVersion = 13.4.1;
						TestTargetID = A1431C2828D17D5A000DC7DF;
					};
					A1431C4828D17D5B000DC7DF = {
						CreatedOnToolsVersion = 13.4.1;
						TestTargetID = A1431C2828D17D5A000DC7DF;
					};
				};
			};
			buildConfigurationList = A1431C2428D17D5A000DC7DF /* Build configuration list for PBXProject "Flashcards" */;
			compatibilityVersion = "Xcode 13.0";
			developmentRegion = en;
			hasScannedForEncodings = 0;
			knownRegions = (
				en,
				Base,
			);
			mainGroup = A1431C2028D17D5A000DC7DF;
			productRefGroup = A1431C2A28D17D5A000DC7DF /* Products */;
			projectDirPath = "";
			projectRoot = "";
			targets = (
				A1431C2828D17D5A000DC7DF /* Flashcards */,
				A1431C3E28D17D5B000DC7DF /* FlashcardsTests */,
				A1431C4828D17D5B000DC7DF /* FlashcardsUITests */,
			);
		};
/* End PBXProject section */

/* Begin PBXResourcesBuildPhase section */
		A1431C2728D17D5A000DC7DF /* Resources */ = {
			isa = PBXResourcesBuildPhase;
			buildActionMask = 2147483647;
			files = (
				A1431C3928D17D5B000DC7DF /* LaunchScreen.storyboard in Resources */,
				A1431C3628D17D5B000DC7DF /* Assets.xcassets in Resources */,
				A1431C3428D17D5A000DC7DF /* Main.storyboard in Resources */,
			);
			runOnlyForDeploymentPostprocessing = 0;
		};
		A1431C3D28D17D5B000DC7DF /* Resources */ = {
			isa = PBXResourcesBuildPhase;
			buildActionMask = 2147483647;
			files = (
			);
			runOnlyForDeploymentPostprocessing = 0;
		};
		A1431C4728D17D5B000DC7DF /* Resources */ = {
			isa = PBXResourcesBuildPhase;
			buildActionMask = 2147483647;
			files = (
			);
			runOnlyForDeploymentPostprocessing = 0;
		};
/* End PBXResourcesBuildPhase section */

/* Begin PBXSourcesBuildPhase section */
		A1431C2528D17D5A000DC7DF /* Sources */ = {
			isa = PBXSourcesBuildPhase;
			buildActionMask = 2147483647;
			files = (
				A1431C3128D17D5A000DC7DF /* ViewController.swift in Sources */,
				A1431C2D28D17D5A000DC7DF /* AppDelegate.swift in Sources */,
				A1431C2F28D17D5A000DC7DF /* SceneDelegate.swift in Sources */,
				A12E48E528E3F1670002FF7D /* CreationViewController.swift in Sources */,
			);
			runOnlyForDeploymentPostprocessing = 0;
		};
		A1431C3B28D17D5B000DC7DF /* Sources */ = {
			isa = PBXSourcesBuildPhase;
			buildActionMask = 2147483647;
			files = (
				A1431C4428D17D5B000DC7DF /* FlashcardsTests.swift in Sources */,
			);
			runOnlyForDeploymentPostprocessing = 0;
		};
		A1431C4528D17D5B000DC7DF /* Sources */ = {
			isa = PBXSourcesBuildPhase;
			buildActionMask = 2147483647;
			files = (
				A1431C4E28D17D5B000DC7DF /* FlashcardsUITests.swift in Sources */,
				A1431C5028D17D5B000DC7DF /* FlashcardsUITestsLaunchTests.swift in Sources */,
			);
			runOnlyForDeploymentPostprocessing = 0;
		};
/* End PBXSourcesBuildPhase section */

/* Begin PBXTargetDependency section */
		A1431C4128D17D5B000DC7DF /* PBXTargetDependency */ = {
			isa = PBXTargetDependency;
			target = A1431C2828D17D5A000DC7DF /* Flashcards */;
			targetProxy = A1431C4028D17D5B000DC7DF /* PBXContainerItemProxy */;
		};
		A1431C4B28D17D5B000DC7DF /* PBXTargetDependency */ = {
			isa = PBXTargetDependency;
			target = A1431C2828D17D5A000DC7DF /* Flashcards */;
			targetProxy = A1431C4A28D17D5B000DC7DF /* PBXContainerItemProxy */;
		};
/* End PBXTargetDependency section */

/* Begin PBXVariantGroup section */
		A1431C3228D17D5A000DC7DF /* Main.storyboard */ = {
			isa = PBXVariantGroup;
			children = (
				A1431C3328D17D5A000DC7DF /* Base */,
			);
			name = Main.storyboard;
			sourceTree = "<group>";
		};
		A1431C3728D17D5B000DC7DF /* LaunchScreen.storyboard */ = {
			isa = PBXVariantGroup;
			children = (
				A1431C3828D17D5B000DC7DF /* Base */,
			);
			name = LaunchScreen.storyboard;
			sourceTree = "<group>";
		};
/* End PBXVariantGroup section */

/* Begin XCBuildConfiguration section */
		A1431C5128D17D5B000DC7DF /* Debug */ = {
			isa = XCBuildConfiguration;
			buildSettings = {
				ALWAYS_SEARCH_USER_PATHS = NO;
				CLANG_ANALYZER_NONNULL = YES;
				CLANG_ANALYZER_NUMBER_OBJECT_CONVERSION = YES_AGGRESSIVE;
				CLANG_CXX_LANGUAGE_STANDARD = "gnu++17";
				CLANG_ENABLE_MODULES = YES;
				CLANG_ENABLE_OBJC_ARC = YES;
				CLANG_ENABLE_OBJC_WEAK = YES;
				CLANG_WARN_BLOCK_CAPTURE_AUTORELEASING = YES;
				CLANG_WARN_BOOL_CONVERSION = YES;
				CLANG_WARN_COMMA = YES;
				CLANG_WARN_CONSTANT_CONVERSION = YES;
				CLANG_WARN_DEPRECATED_OBJC_IMPLEMENTATIONS = YES;
				CLANG_WARN_DIRECT_OBJC_ISA_USAGE = YES_ERROR;
				CLANG_WARN_DOCUMENTATION_COMMENTS = YES;
				CLANG_WARN_EMPTY_BODY = YES;
				CLANG_WARN_ENUM_CONVERSION = YES;
				CLANG_WARN_INFINITE_RECURSION = YES;
				CLANG_WARN_INT_CONVERSION = YES;
				CLANG_WARN_NON_LITERAL_NULL_CONVERSION = YES;
				CLANG_WARN_OBJC_IMPLICIT_RETAIN_SELF = YES;
				CLANG_WARN_OBJC_LITERAL_CONVERSION = YES;
				CLANG_WARN_OBJC_ROOT_CLASS = YES_ERROR;
				CLANG_WARN_QUOTED_INCLUDE_IN_FRAMEWORK_HEADER = YES;
				CLANG_WARN_RANGE_LOOP_ANALYSIS = YES;
				CLANG_WARN_STRICT_PROTOTYPES = YES;
				CLANG_WARN_SUSPICIOUS_MOVE = YES;
				CLANG_WARN_UNGUARDED_AVAILABILITY = YES_AGGRESSIVE;
				CLANG_WARN_UNREACHABLE_CODE = YES;
				CLANG_WARN__DUPLICATE_METHOD_MATCH = YES;
				COPY_PHASE_STRIP = NO;
				DEBUG_INFORMATION_FORMAT = dwarf;
				ENABLE_STRICT_OBJC_MSGSEND = YES;
				ENABLE_TESTABILITY = YES;
				GCC_C_LANGUAGE_STANDARD = gnu11;
				GCC_DYNAMIC_NO_PIC = NO;
				GCC_NO_COMMON_BLOCKS = YES;
				GCC_OPTIMIZATION_LEVEL = 0;
				GCC_PREPROCESSOR_DEFINITIONS = (
					"DEBUG=1",
					"$(inherited)",
				);
				GCC_WARN_64_TO_32_BIT_CONVERSION = YES;
				GCC_WARN_ABOUT_RETURN_TYPE = YES_ERROR;
				GCC_WARN_UNDECLARED_SELECTOR = YES;
				GCC_WARN_UNINITIALIZED_AUTOS = YES_AGGRESSIVE;
				GCC_WARN_UNUSED_FUNCTION = YES;
				GCC_WARN_UNUSED_VARIABLE = YES;
				IPHONEOS_DEPLOYMENT_TARGET = 15.5;
				MTL_ENABLE_DEBUG_INFO = INCLUDE_SOURCE;
				MTL_FAST_MATH = YES;
				ONLY_ACTIVE_ARCH = YES;
				SDKROOT = iphoneos;
				SWIFT_ACTIVE_COMPILATION_CONDITIONS = DEBUG;
				SWIFT_OPTIMIZATION_LEVEL = "-Onone";
			};
			name = Debug;
		};
		A1431C5228D17D5B000DC7DF /* Release */ = {
			isa = XCBuildConfiguration;
			buildSettings = {
				ALWAYS_SEARCH_USER_PATHS = NO;
				CLANG_ANALYZER_NONNULL = YES;
				CLANG_ANALYZER_NUMBER_OBJECT_CONVERSION = YES_AGGRESSIVE;
				CLANG_CXX_LANGUAGE_STANDARD = "gnu++17";
				CLANG_ENABLE_MODULES = YES;
				CLANG_ENABLE_OBJC_ARC = YES;
				CLANG_ENABLE_OBJC_WEAK = YES;
				CLANG_WARN_BLOCK_CAPTURE_AUTORELEASING = YES;
				CLANG_WARN_BOOL_CONVERSION = YES;
				CLANG_WARN_COMMA = YES;
				CLANG_WARN_CONSTANT_CONVERSION = YES;
				CLANG_WARN_DEPRECATED_OBJC_IMPLEMENTATIONS = YES;
				CLANG_WARN_DIRECT_OBJC_ISA_USAGE = YES_ERROR;
				CLANG_WARN_DOCUMENTATION_COMMENTS = YES;
				CLANG_WARN_EMPTY_BODY = YES;
				CLANG_WARN_ENUM_CONVERSION = YES;
				CLANG_WARN_INFINITE_RECURSION = YES;
				CLANG_WARN_INT_CONVERSION = YES;
				CLANG_WARN_NON_LITERAL_NULL_CONVERSION = YES;
				CLANG_WARN_OBJC_IMPLICIT_RETAIN_SELF = YES;
				CLANG_WARN_OBJC_LITERAL_CONVERSION = YES;
				CLANG_WARN_OBJC_ROOT_CLASS = YES_ERROR;
				CLANG_WARN_QUOTED_INCLUDE_IN_FRAMEWORK_HEADER = YES;
				CLANG_WARN_RANGE_LOOP_ANALYSIS = YES;
				CLANG_WARN_STRICT_PROTOTYPES = YES;
				CLANG_WARN_SUSPICIOUS_MOVE = YES;
				CLANG_WARN_UNGUARDED_AVAILABILITY = YES_AGGRESSIVE;
				CLANG_WARN_UNREACHABLE_CODE = YES;
				CLANG_WARN__DUPLICATE_METHOD_MATCH = YES;
				COPY_PHASE_STRIP = NO;
				DEBUG_INFORMATION_FORMAT = "dwarf-with-dsym";
				ENABLE_NS_ASSERTIONS = NO;
				ENABLE_STRICT_OBJC_MSGSEND = YES;
				GCC_C_LANGUAGE_STANDARD = gnu11;
				GCC_NO_COMMON_BLOCKS = YES;
				GCC_WARN_64_TO_32_BIT_CONVERSION = YES;
				GCC_WARN_ABOUT_RETURN_TYPE = YES_ERROR;
				GCC_WARN_UNDECLARED_SELECTOR = YES;
				GCC_WARN_UNINITIALIZED_AUTOS = YES_AGGRESSIVE;
				GCC_WARN_UNUSED_FUNCTION = YES;
				GCC_WARN_UNUSED_VARIABLE = YES;
				IPHONEOS_DEPLOYMENT_TARGET = 15.5;
				MTL_ENABLE_DEBUG_INFO = NO;
				MTL_FAST_MATH = YES;
				SDKROOT = iphoneos;
				SWIFT_COMPILATION_MODE = wholemodule;
				SWIFT_OPTIMIZATION_LEVEL = "-O";
				VALIDATE_PRODUCT = YES;
			};
			name = Release;
		};
		A1431C5428D17D5B000DC7DF /* Debug */ = {
			isa = XCBuildConfiguration;
			buildSettings = {
				ASSETCATALOG_COMPILER_APPICON_NAME = AppIcon;
				ASSETCATALOG_COMPILER_GLOBAL_ACCENT_COLOR_NAME = AccentColor;
				CODE_SIGN_STYLE = Automatic;
				CURRENT_PROJECT_VERSION = 1;
				GENERATE_INFOPLIST_FILE = YES;
				INFOPLIST_FILE = Flashcards/Info.plist;
				INFOPLIST_KEY_UIApplicationSupportsIndirectInputEvents = YES;
				INFOPLIST_KEY_UILaunchStoryboardName = LaunchScreen;
				INFOPLIST_KEY_UIMainStoryboardFile = Main;
				INFOPLIST_KEY_UISupportedInterfaceOrientations_iPad = "UIInterfaceOrientationPortrait UIInterfaceOrientationPortraitUpsideDown UIInterfaceOrientationLandscapeLeft UIInterfaceOrientationLandscapeRight";
				INFOPLIST_KEY_UISupportedInterfaceOrientations_iPhone = "UIInterfaceOrientationPortrait UIInterfaceOrientationLandscapeLeft UIInterfaceOrientationLandscapeRight";
				LD_RUNPATH_SEARCH_PATHS = (
					"$(inherited)",
					"@executable_path/Frameworks",
				);
				MARKETING_VERSION = 1.0;
				PRODUCT_BUNDLE_IDENTIFIER = com.olivia.Flashcards;
				PRODUCT_NAME = "$(TARGET_NAME)";
				SWIFT_EMIT_LOC_STRINGS = YES;
				SWIFT_VERSION = 5.0;
				TARGETED_DEVICE_FAMILY = "1,2";
			};
			name = Debug;
		};
		A1431C5528D17D5B000DC7DF /* Release */ = {
			isa = XCBuildConfiguration;
			buildSettings = {
				ASSETCATALOG_COMPILER_APPICON_NAME = AppIcon;
				ASSETCATALOG_COMPILER_GLOBAL_ACCENT_COLOR_NAME = AccentColor;
				CODE_SIGN_STYLE = Automatic;
				CURRENT_PROJECT_VERSION = 1;
				GENERATE_INFOPLIST_FILE = YES;
				INFOPLIST_FILE = Flashcards/Info.plist;
				INFOPLIST_KEY_UIApplicationSupportsIndirectInputEvents = YES;
				INFOPLIST_KEY_UILaunchStoryboardName = LaunchScreen;
				INFOPLIST_KEY_UIMainStoryboardFile = Main;
				INFOPLIST_KEY_UISupportedInterfaceOrientations_iPad = "UIInterfaceOrientationPortrait UIInterfaceOrientationPortraitUpsideDown UIInterfaceOrientationLandscapeLeft UIInterfaceOrientationLandscapeRight";
				INFOPLIST_KEY_UISupportedInterfaceOrientations_iPhone = "UIInterfaceOrientationPortrait UIInterfaceOrientationLandscapeLeft UIInterfaceOrientationLandscapeRight";
				LD_RUNPATH_SEARCH_PATHS = (
					"$(inherited)",
					"@executable_path/Frameworks",
				);
				MARKETING_VERSION = 1.0;
				PRODUCT_BUNDLE_IDENTIFIER = com.olivia.Flashcards;
				PRODUCT_NAME = "$(TARGET_NAME)";
				SWIFT_EMIT_LOC_STRINGS = YES;
				SWIFT_VERSION = 5.0;
				TARGETED_DEVICE_FAMILY = "1,2";
			};
			name = Release;
		};
		A1431C5728D17D5B000DC7DF /* Debug */ = {
			isa = XCBuildConfiguration;
			buildSettings = {
				ALWAYS_EMBED_SWIFT_STANDARD_LIBRARIES = YES;
				BUNDLE_LOADER = "$(TEST_HOST)";
				CODE_SIGN_STYLE = Automatic;
				CURRENT_PROJECT_VERSION = 1;
				GENERATE_INFOPLIST_FILE = YES;
				IPHONEOS_DEPLOYMENT_TARGET = 15.5;
				MARKETING_VERSION = 1.0;
				PRODUCT_BUNDLE_IDENTIFIER = com.olivia.FlashcardsTests;
				PRODUCT_NAME = "$(TARGET_NAME)";
				SWIFT_EMIT_LOC_STRINGS = NO;
				SWIFT_VERSION = 5.0;
				TARGETED_DEVICE_FAMILY = "1,2";
				TEST_HOST = "$(BUILT_PRODUCTS_DIR)/Flashcards.app/Flashcards";
			};
			name = Debug;
		};
		A1431C5828D17D5B000DC7DF /* Release */ = {
			isa = XCBuildConfiguration;
			buildSettings = {
				ALWAYS_EMBED_SWIFT_STANDARD_LIBRARIES = YES;
				BUNDLE_LOADER = "$(TEST_HOST)";
				CODE_SIGN_STYLE = Automatic;
				CURRENT_PROJECT_VERSION = 1;
				GENERATE_INFOPLIST_FILE = YES;
				IPHONEOS_DEPLOYMENT_TARGET = 15.5;
				MARKETING_VERSION = 1.0;
				PRODUCT_BUNDLE_IDENTIFIER = com.olivia.FlashcardsTests;
				PRODUCT_NAME = "$(TARGET_NAME)";
				SWIFT_EMIT_LOC_STRINGS = NO;
				SWIFT_VERSION = 5.0;
				TARGETED_DEVICE_FAMILY = "1,2";
				TEST_HOST = "$(BUILT_PRODUCTS_DIR)/Flashcards.app/Flashcards";
			};
			name = Release;
		};
		A1431C5A28D17D5B000DC7DF /* Debug */ = {
			isa = XCBuildConfiguration;
			buildSettings = {
				ALWAYS_EMBED_SWIFT_STANDARD_LIBRARIES = YES;
				CODE_SIGN_STYLE = Automatic;
				CURRENT_PROJECT_VERSION = 1;
				GENERATE_INFOPLIST_FILE = YES;
				MARKETING_VERSION = 1.0;
				PRODUCT_BUNDLE_IDENTIFIER = com.olivia.FlashcardsUITests;
				PRODUCT_NAME = "$(TARGET_NAME)";
				SWIFT_EMIT_LOC_STRINGS = NO;
				SWIFT_VERSION = 5.0;
				TARGETED_DEVICE_FAMILY = "1,2";
				TEST_TARGET_NAME = Flashcards;
			};
			name = Debug;
		};
		A1431C5B28D17D5B000DC7DF /* Release */ = {
			isa = XCBuildConfiguration;
			buildSettings = {
				ALWAYS_EMBED_SWIFT_STANDARD_LIBRARIES = YES;
				CODE_SIGN_STYLE = Automatic;
				CURRENT_PROJECT_VERSION = 1;
				GENERATE_INFOPLIST_FILE = YES;
				MARKETING_VERSION = 1.0;
				PRODUCT_BUNDLE_IDENTIFIER = com.olivia.FlashcardsUITests;
				PRODUCT_NAME = "$(TARGET_NAME)";
				SWIFT_EMIT_LOC_STRINGS = NO;
				SWIFT_VERSION = 5.0;
				TARGETED_DEVICE_FAMILY = "1,2";
				TEST_TARGET_NAME = Flashcards;
			};
			name = Release;
		};
/* End XCBuildConfiguration section */

/* Begin XCConfigurationList section */
		A1431C2428D17D5A000DC7DF /* Build configuration list for PBXProject "Flashcards" */ = {
			isa = XCConfigurationList;
			buildConfigurations = (
				A1431C5128D17D5B000DC7DF /* Debug */,
				A1431C5228D17D5B000DC7DF /* Release */,
			);
			defaultConfigurationIsVisible = 0;
			defaultConfigurationName = Release;
		};
		A1431C5328D17D5B000DC7DF /* Build configuration list for PBXNativeTarget "Flashcards" */ = {
			isa = XCConfigurationList;
			buildConfigurations = (
				A1431C5428D17D5B000DC7DF /* Debug */,
				A1431C5528D17D5B000DC7DF /* Release */,
			);
			defaultConfigurationIsVisible = 0;
			defaultConfigurationName = Release;
		};
		A1431C5628D17D5B000DC7DF /* Build configuration list for PBXNativeTarget "FlashcardsTests" */ = {
			isa = XCConfigurationList;
			buildConfigurations = (
				A1431C5728D17D5B000DC7DF /* Debug */,
				A1431C5828D17D5B000DC7DF /* Release */,
			);
			defaultConfigurationIsVisible = 0;
			defaultConfigurationName = Release;
		};
		A1431C5928D17D5B000DC7DF /* Build configuration list for PBXNativeTarget "FlashcardsUITests" */ = {
			isa = XCConfigurationList;
			buildConfigurations = (
				A1431C5A28D17D5B000DC7DF /* Debug */,
				A1431C5B28D17D5B000DC7DF /* Release */,
			);
			defaultConfigurationIsVisible = 0;
			defaultConfigurationName = Release;
		};
/* End XCConfigurationList section */
	};
	rootObject = A1431C2128D17D5A000DC7DF /* Project object */;
}
